
Microsoft Visual Studio Solution File, Format Version 12.00
# Visual Studio Version 16
VisualStudioVersion = 16.0.33927.289
MinimumVisualStudioVersion = 10.0.40219.1
Project("{FAE04EC0-301F-11D3-BF4B-00C04F79EFBC}") = "CapaPresentacion", "Gestor Escolar\CapaPresentacion.csproj", "{A51B420F-5B8A-44F9-83F8-9DEAD59374D1}"
EndProject
Project("{FAE04EC0-301F-11D3-BF4B-00C04F79EFBC}") = "CapaEntidad", "Capa Entidad\CapaEntidad.csproj", "{C318831A-AFFA-48AC-8CF7-63461AC4C01F}"
EndProject
Project("{FAE04EC0-301F-11D3-BF4B-00C04F79EFBC}") = "CapaDeDatos", "CapaDeDatos\CapaDeDatos.csproj", "{958C1598-1206-4DC0-BB0F-E928ADD1AC63}"
EndProject
Project("{FAE04EC0-301F-11D3-BF4B-00C04F79EFBC}") = "CapaNegocio", "CapaNegocio\CapaNegocio.csproj", "{B9667351-7A70-4FA4-A153-9E3BB40C1856}"
EndProject
Global
	GlobalSection(SolutionConfigurationPlatforms) = preSolution
		Debug|Any CPU = Debug|Any CPU
		Release|Any CPU = Release|Any CPU
	EndGlobalSection
	GlobalSection(ProjectConfigurationPlatforms) = postSolution
		{A51B420F-5B8A-44F9-83F8-9DEAD59374D1}.Debug|Any CPU.ActiveCfg = Debug|Any CPU
		{A51B420F-5B8A-44F9-83F8-9DEAD59374D1}.Debug|Any CPU.Build.0 = Debug|Any CPU
		{A51B420F-5B8A-44F9-83F8-9DEAD59374D1}.Release|Any CPU.ActiveCfg = Release|Any CPU
		{A51B420F-5B8A-44F9-83F8-9DEAD59374D1}.Release|Any CPU.Build.0 = Release|Any CPU
		{C318831A-AFFA-48AC-8CF7-63461AC4C01F}.Debug|Any CPU.ActiveCfg = Debug|Any CPU
		{C318831A-AFFA-48AC-8CF7-63461AC4C01F}.Debug|Any CPU.Build.0 = Debug|Any CPU
		{C318831A-AFFA-48AC-8CF7-63461AC4C01F}.Release|Any CPU.ActiveCfg = Release|Any CPU
		{C318831A-AFFA-48AC-8CF7-63461AC4C01F}.Release|Any CPU.Build.0 = Release|Any CPU
		{958C1598-1206-4DC0-BB0F-E928ADD1AC63}.Debug|Any CPU.ActiveCfg = Debug|Any CPU
		{958C1598-1206-4DC0-BB0F-E928ADD1AC63}.Debug|Any CPU.Build.0 = Debug|Any CPU
		{958C1598-1206-4DC0-BB0F-E928ADD1AC63}.Release|Any CPU.ActiveCfg = Release|Any CPU
		{958C1598-1206-4DC0-BB0F-E928ADD1AC63}.Release|Any CPU.Build.0 = Release|Any CPU
		{B9667351-7A70-4FA4-A153-9E3BB40C1856}.Debug|Any CPU.ActiveCfg = Debug|Any CPU
		{B9667351-7A70-4FA4-A153-9E3BB40C1856}.Debug|Any CPU.Build.0 = Debug|Any CPU
		{B9667351-7A70-4FA4-A153-9E3BB40C1856}.Release|Any CPU.ActiveCfg = Release|Any CPU
		{B9667351-7A70-4FA4-A153-9E3BB40C1856}.Release|Any CPU.Build.0 = Release|Any CPU
	EndGlobalSection
	GlobalSection(SolutionProperties) = preSolution
		HideSolutionNode = FALSE
	EndGlobalSection
	GlobalSection(ExtensibilityGlobals) = postSolution
		SolutionGuid = {E46538F1-BEA8-4B66-AED2-D1CA585387F4}
	EndGlobalSection
EndGlobal
